
Microsoft Visual Studio Solution File, Format Version 12.00
# Visual Studio 15
VisualStudioVersion = 15.0.26124.0
MinimumVisualStudioVersion = 15.0.26124.0
Project("{FAE04EC0-301F-11D3-BF4B-00C04F79EFBC}") = "GameTOP", "GameTop\GameTOP.csproj", "{80DAFBCA-F84D-4717-9441-00640936DF72}"
EndProject
Project("{FAE04EC0-301F-11D3-BF4B-00C04F79EFBC}") = "GameTOP.lib", "GameTOP.lib\GameTOP.lib.csproj", "{45576A62-0F77-4A06-9243-69E64B21ED97}"
EndProject
Project("{FAE04EC0-301F-11D3-BF4B-00C04F79EFBC}") = "GameTOP.Interface", "GameTOP.Interface\GameTOP.Interface.csproj", "{4DFCB253-D12E-4346-B427-499A15D91E8F}"
EndProject
Global
	GlobalSection(SolutionConfigurationPlatforms) = preSolution
		Debug|Any CPU = Debug|Any CPU
		Debug|x64 = Debug|x64
		Debug|x86 = Debug|x86
		Release|Any CPU = Release|Any CPU
		Release|x64 = Release|x64
		Release|x86 = Release|x86
	EndGlobalSection
	GlobalSection(SolutionProperties) = preSolution
		HideSolutionNode = FALSE
	EndGlobalSection
	GlobalSection(ProjectConfigurationPlatforms) = postSolution
		{80DAFBCA-F84D-4717-9441-00640936DF72}.Debug|Any CPU.ActiveCfg = Debug|Any CPU
		{80DAFBCA-F84D-4717-9441-00640936DF72}.Debug|Any CPU.Build.0 = Debug|Any CPU
		{80DAFBCA-F84D-4717-9441-00640936DF72}.Debug|x64.ActiveCfg = Debug|Any CPU
		{80DAFBCA-F84D-4717-9441-00640936DF72}.Debug|x64.Build.0 = Debug|Any CPU
		{80DAFBCA-F84D-4717-9441-00640936DF72}.Debug|x86.ActiveCfg = Debug|Any CPU
		{80DAFBCA-F84D-4717-9441-00640936DF72}.Debug|x86.Build.0 = Debug|Any CPU
		{80DAFBCA-F84D-4717-9441-00640936DF72}.Release|Any CPU.ActiveCfg = Release|Any CPU
		{80DAFBCA-F84D-4717-9441-00640936DF72}.Release|Any CPU.Build.0 = Release|Any CPU
		{80DAFBCA-F84D-4717-9441-00640936DF72}.Release|x64.ActiveCfg = Release|Any CPU
		{80DAFBCA-F84D-4717-9441-00640936DF72}.Release|x64.Build.0 = Release|Any CPU
		{80DAFBCA-F84D-4717-9441-00640936DF72}.Release|x86.ActiveCfg = Release|Any CPU
		{80DAFBCA-F84D-4717-9441-00640936DF72}.Release|x86.Build.0 = Release|Any CPU
		{45576A62-0F77-4A06-9243-69E64B21ED97}.Debug|Any CPU.ActiveCfg = Debug|Any CPU
		{45576A62-0F77-4A06-9243-69E64B21ED97}.Debug|Any CPU.Build.0 = Debug|Any CPU
		{45576A62-0F77-4A06-9243-69E64B21ED97}.Debug|x64.ActiveCfg = Debug|Any CPU
		{45576A62-0F77-4A06-9243-69E64B21ED97}.Debug|x64.Build.0 = Debug|Any CPU
		{45576A62-0F77-4A06-9243-69E64B21ED97}.Debug|x86.ActiveCfg = Debug|Any CPU
		{45576A62-0F77-4A06-9243-69E64B21ED97}.Debug|x86.Build.0 = Debug|Any CPU
		{45576A62-0F77-4A06-9243-69E64B21ED97}.Release|Any CPU.ActiveCfg = Release|Any CPU
		{45576A62-0F77-4A06-9243-69E64B21ED97}.Release|Any CPU.Build.0 = Release|Any CPU
		{45576A62-0F77-4A06-9243-69E64B21ED97}.Release|x64.ActiveCfg = Release|Any CPU
		{45576A62-0F77-4A06-9243-69E64B21ED97}.Release|x64.Build.0 = Release|Any CPU
		{45576A62-0F77-4A06-9243-69E64B21ED97}.Release|x86.ActiveCfg = Release|Any CPU
		{45576A62-0F77-4A06-9243-69E64B21ED97}.Release|x86.Build.0 = Release|Any CPU
		{4DFCB253-D12E-4346-B427-499A15D91E8F}.Debug|Any CPU.ActiveCfg = Debug|Any CPU
		{4DFCB253-D12E-4346-B427-499A15D91E8F}.Debug|Any CPU.Build.0 = Debug|Any CPU
		{4DFCB253-D12E-4346-B427-499A15D91E8F}.Debug|x64.ActiveCfg = Debug|Any CPU
		{4DFCB253-D12E-4346-B427-499A15D91E8F}.Debug|x64.Build.0 = Debug|Any CPU
		{4DFCB253-D12E-4346-B427-499A15D91E8F}.Debug|x86.ActiveCfg = Debug|Any CPU
		{4DFCB253-D12E-4346-B427-499A15D91E8F}.Debug|x86.Build.0 = Debug|Any CPU
		{4DFCB253-D12E-4346-B427-499A15D91E8F}.Release|Any CPU.ActiveCfg = Release|Any CPU
		{4DFCB253-D12E-4346-B427-499A15D91E8F}.Release|Any CPU.Build.0 = Release|Any CPU
		{4DFCB253-D12E-4346-B427-499A15D91E8F}.Release|x64.ActiveCfg = Release|Any CPU
		{4DFCB253-D12E-4346-B427-499A15D91E8F}.Release|x64.Build.0 = Release|Any CPU
		{4DFCB253-D12E-4346-B427-499A15D91E8F}.Release|x86.ActiveCfg = Release|Any CPU
		{4DFCB253-D12E-4346-B427-499A15D91E8F}.Release|x86.Build.0 = Release|Any CPU
	EndGlobalSection
EndGlobal
